# THIS IS AN AUTOGENERATED FILE. DO NOT EDIT THIS FILE DIRECTLY.
# yarn lockfile v1


"@types/chart.js@^2.7.48":
  version "2.9.21"
  resolved "https://registry.yarnpkg.com/@types/chart.js/-/chart.js-2.9.21.tgz#ecb85f1aac2d7b28310df8cc9c88b6b5db1b91bd"
  integrity sha512-bjwdC+SvE/c3rHYYcX8UbRmTvjEUP9Dhuk/iWXygH6EFDYf4OcofnwxBpJx+A4qU3YBr54a7wtPdswfg9Yt3rg==
  dependencies:
    moment "^2.10.2"

lodash@^4.17.11:
  version "4.17.15"
  resolved "https://registry.yarnpkg.com/lodash/-/lodash-4.17.15.tgz#b447f6670a0455bbfeedd11392eff330ea097548"
  integrity sha512-8xOcRHvCjnocdS5cpwXQXVzmmh5e5+saE2QGoeQmbKmRS6J3VQppPOIt0MnmE+4xlZoumy0GPG0D0MVIQbNA1A==

moment@^2.10.2:
  version "2.26.0"
  resolved "https://registry.yarnpkg.com/moment/-/moment-2.26.0.tgz#5e1f82c6bafca6e83e808b30c8705eed0dcbd39a"
  integrity sha512-oIixUO+OamkUkwjhAVE18rAMfRJNsNe/Stid/gwHSOfHrOtw9EhAY2AHvdKZ/k/MggcYELFCJz/Sn2pL8b8JMw==

ng2-charts@2.2.5:
  version "2.2.5"
  resolved "https://registry.yarnpkg.com/ng2-charts/-/ng2-charts-2.2.5.tgz#6375eabc0cb979a41d905339a65b810019390337"
  integrity sha512-wKN7fp76BBoPMvrMLCrkMZKONxCbL9A5MRkTs5HLgOiifPG8yHHHt0voqUihxSV+OuGNpygzUl3K8aAD43RVBw==
  dependencies:
    "@types/chart.js" "^2.7.48"
    lodash "^4.17.11"
    tslib "^1.9.0"

tslib@^1.9.0:
  version "1.13.0"
  resolved "https://registry.yarnpkg.com/tslib/-/tslib-1.13.0.tgz#c881e13cc7015894ed914862d276436fa9a47043"
  integrity sha512-i/6DQjL8Xf3be4K/E6Wgpekn5Qasl1usyw++dAA35Ue5orEn65VIxOA+YvNNl9HV3qv70T7CNwjODHZrLwvd1Q==
